
Microsoft Visual Studio Solution File, Format Version 12.00
# Visual Studio Version 17
VisualStudioVersion = 17.6.33815.320
MinimumVisualStudioVersion = 10.0.40219.1
Project("{FAE04EC0-301F-11D3-BF4B-00C04F79EFBC}") = "MvcMovie", "MvcMovie\MvcMovie.csproj", "{32A52F98-9982-4F96-B18A-E699FCE2DDB8}"
EndProject
Global
	GlobalSection(SolutionConfigurationPlatforms) = preSolution
		Debug|Any CPU = Debug|Any CPU
		Release|Any CPU = Release|Any CPU
	EndGlobalSection
	GlobalSection(ProjectConfigurationPlatforms) = postSolution
		{32A52F98-9982-4F96-B18A-E699FCE2DDB8}.Debug|Any CPU.ActiveCfg = Debug|Any CPU
		{32A52F98-9982-4F96-B18A-E699FCE2DDB8}.Debug|Any CPU.Build.0 = Debug|Any CPU
		{32A52F98-9982-4F96-B18A-E699FCE2DDB8}.Release|Any CPU.ActiveCfg = Release|Any CPU
		{32A52F98-9982-4F96-B18A-E699FCE2DDB8}.Release|Any CPU.Build.0 = Release|Any CPU
	EndGlobalSection
	GlobalSection(SolutionProperties) = preSolution
		HideSolutionNode = FALSE
	EndGlobalSection
	GlobalSection(ExtensibilityGlobals) = postSolution
		SolutionGuid = {E1BA620A-331E-4605-A939-1A6BF1820E7B}
	EndGlobalSection
EndGlobal
